
Microsoft Visual Studio Solution File, Format Version 10.00
# Visual Studio 2008
Project("{8BC9CEB8-8B4A-11D0-8D11-00A0C91BC942}") = "SQL Test", "SQL Test\SQL Test.vcproj", "{D143BD32-A849-4194-B9F9-BC1823DE8308}"
EndProject
Global
	GlobalSection(SolutionConfigurationPlatforms) = preSolution
		Debug|Win32 = Debug|Win32
		Release|Win32 = Release|Win32
	EndGlobalSection
	GlobalSection(ProjectConfigurationPlatforms) = postSolution
		{D143BD32-A849-4194-B9F9-BC1823DE8308}.Debug|Win32.ActiveCfg = Debug|Win32
		{D143BD32-A849-4194-B9F9-BC1823DE8308}.Debug|Win32.Build.0 = Debug|Win32
		{D143BD32-A849-4194-B9F9-BC1823DE8308}.Release|Win32.ActiveCfg = Release|Win32
		{D143BD32-A849-4194-B9F9-BC1823DE8308}.Release|Win32.Build.0 = Release|Win32
	EndGlobalSection
	GlobalSection(SolutionProperties) = preSolution
		HideSolutionNode = FALSE
	EndGlobalSection
EndGlobal
