
Microsoft Visual Studio Solution File, Format Version 10.00
# Visual Studio 2008
Project("{8BC9CEB8-8B4A-11D0-8D11-00A0C91BC942}") = "Client", "Client\Client.vcproj", "{5FD7A59C-B1B4-40BB-9D0D-141EC046210D}"
EndProject
Global
	GlobalSection(SolutionConfigurationPlatforms) = preSolution
		Debug|Win32 = Debug|Win32
		Release|Win32 = Release|Win32
	EndGlobalSection
	GlobalSection(ProjectConfigurationPlatforms) = postSolution
		{5FD7A59C-B1B4-40BB-9D0D-141EC046210D}.Debug|Win32.ActiveCfg = Debug|Win32
		{5FD7A59C-B1B4-40BB-9D0D-141EC046210D}.Debug|Win32.Build.0 = Debug|Win32
		{5FD7A59C-B1B4-40BB-9D0D-141EC046210D}.Release|Win32.ActiveCfg = Release|Win32
		{5FD7A59C-B1B4-40BB-9D0D-141EC046210D}.Release|Win32.Build.0 = Release|Win32
	EndGlobalSection
	GlobalSection(SolutionProperties) = preSolution
		HideSolutionNode = FALSE
	EndGlobalSection
EndGlobal
